
Microsoft Visual Studio Solution File, Format Version 12.00
# Visual Studio 2012
Project("{8BC9CEB8-8B4A-11D0-8D11-00A0C91BC942}") = "05.gobang", "05.gobang\05.gobang.vcxproj", "{F1FEB546-0A77-4014-B3F4-89685A8C554E}"
EndProject
Global
	GlobalSection(SolutionConfigurationPlatforms) = preSolution
		Debug|Win32 = Debug|Win32
		Release|Win32 = Release|Win32
	EndGlobalSection
	GlobalSection(ProjectConfigurationPlatforms) = postSolution
		{F1FEB546-0A77-4014-B3F4-89685A8C554E}.Debug|Win32.ActiveCfg = Debug|Win32
		{F1FEB546-0A77-4014-B3F4-89685A8C554E}.Debug|Win32.Build.0 = Debug|Win32
		{F1FEB546-0A77-4014-B3F4-89685A8C554E}.Release|Win32.ActiveCfg = Release|Win32
		{F1FEB546-0A77-4014-B3F4-89685A8C554E}.Release|Win32.Build.0 = Release|Win32
	EndGlobalSection
	GlobalSection(SolutionProperties) = preSolution
		HideSolutionNode = FALSE
	EndGlobalSection
EndGlobal
